
Microsoft Visual Studio Solution File, Format Version 12.00
# Visual Studio Version 17
VisualStudioVersion = 17.5.33530.505
MinimumVisualStudioVersion = 10.0.40219.1
Project("{FAE04EC0-301F-11D3-BF4B-00C04F79EFBC}") = "Text_file_to_UI", "PI-Zadatak-Ispis_iz_datoteke\Text_file_to_UI.csproj", "{FC2963C1-C738-4BE3-B762-61DF05AFC226}"
EndProject
Global
	GlobalSection(SolutionConfigurationPlatforms) = preSolution
		Debug|Any CPU = Debug|Any CPU
		Release|Any CPU = Release|Any CPU
	EndGlobalSection
	GlobalSection(ProjectConfigurationPlatforms) = postSolution
		{FC2963C1-C738-4BE3-B762-61DF05AFC226}.Debug|Any CPU.ActiveCfg = Debug|Any CPU
		{FC2963C1-C738-4BE3-B762-61DF05AFC226}.Debug|Any CPU.Build.0 = Debug|Any CPU
		{FC2963C1-C738-4BE3-B762-61DF05AFC226}.Release|Any CPU.ActiveCfg = Release|Any CPU
		{FC2963C1-C738-4BE3-B762-61DF05AFC226}.Release|Any CPU.Build.0 = Release|Any CPU
	EndGlobalSection
	GlobalSection(SolutionProperties) = preSolution
		HideSolutionNode = FALSE
	EndGlobalSection
	GlobalSection(ExtensibilityGlobals) = postSolution
		SolutionGuid = {F3FF80EF-471B-41C9-863F-D68B4E915338}
	EndGlobalSection
EndGlobal
